
Microsoft Visual Studio Solution File, Format Version 12.00
# Visual Studio Version 17
VisualStudioVersion = 17.2.32630.192
MinimumVisualStudioVersion = 10.0.40219.1
Project("{9A19103F-16F7-4668-BE54-9A1E7A4F7556}") = "F10Y.L0029", "F10Y.L0029\F10Y.L0029.csproj", "{F68FA8EF-40E6-478B-9A2A-73B9CBBB14AF}"
EndProject
Project("{2150E333-8FDC-42A3-9474-1A3956D46DE8}") = "_Dependencies", "_Dependencies", "{CD9DE437-4E72-4DFB-962D-640DE392CC62}"
EndProject
Project("{9A19103F-16F7-4668-BE54-9A1E7A4F7556}") = "F10Y.T0000", "..\..\F10Y.T0000\source\F10Y.T0000\F10Y.T0000.csproj", "{9149BF93-8314-49DE-AE88-1EE6E565DFCC}"
EndProject
Project("{9A19103F-16F7-4668-BE54-9A1E7A4F7556}") = "F10Y.T0009", "..\..\F10Y.T0009\source\F10Y.T0009\F10Y.T0009.csproj", "{6AEB354D-E2E4-4EC5-9ABB-8C25085B5605}"
EndProject
Project("{9A19103F-16F7-4668-BE54-9A1E7A4F7556}") = "F10Y.T0004", "..\..\F10Y.T0004\source\F10Y.T0004\F10Y.T0004.csproj", "{6F7E8CFD-D971-4ACC-BA05-97A9D9BB2FD6}"
EndProject
Project("{9A19103F-16F7-4668-BE54-9A1E7A4F7556}") = "F10Y.L0000", "..\..\F10Y.L0000\source\F10Y.L0000\F10Y.L0000.csproj", "{774206A1-BE32-483A-B4E4-8EE5EB200D0F}"
EndProject
Project("{9A19103F-16F7-4668-BE54-9A1E7A4F7556}") = "F10Y.L0060", "..\..\F10Y.L0060\source\F10Y.L0060\F10Y.L0060.csproj", "{4D262ECE-D72E-4637-B9CB-66CC061AFFE3}"
EndProject
Project("{9A19103F-16F7-4668-BE54-9A1E7A4F7556}") = "F10Y.T0001", "..\..\F10Y.T0001\source\F10Y.T0001\F10Y.T0001.csproj", "{0224471E-9A62-41B1-8518-F16B1566FE36}"
EndProject
Project("{9A19103F-16F7-4668-BE54-9A1E7A4F7556}") = "F10Y.T0002", "..\..\F10Y.T0002\source\F10Y.T0002\F10Y.T0002.csproj", "{32ABE2BD-47B3-420B-9F7D-9D64C9275D2F}"
EndProject
Project("{9A19103F-16F7-4668-BE54-9A1E7A4F7556}") = "F10Y.T0003", "..\..\F10Y.T0003\source\F10Y.T0003\F10Y.T0003.csproj", "{423663A4-8041-4466-AA7C-0EFE339E0E68}"
EndProject
Project("{9A19103F-16F7-4668-BE54-9A1E7A4F7556}") = "F10Y.T0011", "..\..\F10Y.T0011\source\F10Y.T0011\F10Y.T0011.csproj", "{398BEC46-685D-47FB-8A6B-BF96ABD42A05}"
EndProject
Project("{9A19103F-16F7-4668-BE54-9A1E7A4F7556}") = "F10Y.Y0000", "..\..\F10Y.Y0000\source\F10Y.Y0000\F10Y.Y0000.csproj", "{2D56A4D1-0E58-4944-8B32-35A7794B3205}"
EndProject
Global
	GlobalSection(NestedProjects) = preSolution
		{9149BF93-8314-49DE-AE88-1EE6E565DFCC} = {CD9DE437-4E72-4DFB-962D-640DE392CC62}
		{6AEB354D-E2E4-4EC5-9ABB-8C25085B5605} = {CD9DE437-4E72-4DFB-962D-640DE392CC62}
		{6F7E8CFD-D971-4ACC-BA05-97A9D9BB2FD6} = {CD9DE437-4E72-4DFB-962D-640DE392CC62}
		{774206A1-BE32-483A-B4E4-8EE5EB200D0F} = {CD9DE437-4E72-4DFB-962D-640DE392CC62}
		{4D262ECE-D72E-4637-B9CB-66CC061AFFE3} = {CD9DE437-4E72-4DFB-962D-640DE392CC62}
		{0224471E-9A62-41B1-8518-F16B1566FE36} = {CD9DE437-4E72-4DFB-962D-640DE392CC62}
		{32ABE2BD-47B3-420B-9F7D-9D64C9275D2F} = {CD9DE437-4E72-4DFB-962D-640DE392CC62}
		{423663A4-8041-4466-AA7C-0EFE339E0E68} = {CD9DE437-4E72-4DFB-962D-640DE392CC62}
		{398BEC46-685D-47FB-8A6B-BF96ABD42A05} = {CD9DE437-4E72-4DFB-962D-640DE392CC62}
		{2D56A4D1-0E58-4944-8B32-35A7794B3205} = {CD9DE437-4E72-4DFB-962D-640DE392CC62}
	EndGlobalSection
	GlobalSection(SolutionConfigurationPlatforms) = preSolution
		Debug|Any CPU = Debug|Any CPU
		Release|Any CPU = Release|Any CPU
	EndGlobalSection
	GlobalSection(ProjectConfigurationPlatforms) = postSolution
		{F68FA8EF-40E6-478B-9A2A-73B9CBBB14AF}.Debug|Any CPU.ActiveCfg = Debug|Any CPU
		{F68FA8EF-40E6-478B-9A2A-73B9CBBB14AF}.Debug|Any CPU.Build.0 = Debug|Any CPU
		{F68FA8EF-40E6-478B-9A2A-73B9CBBB14AF}.Release|Any CPU.ActiveCfg = Release|Any CPU
		{F68FA8EF-40E6-478B-9A2A-73B9CBBB14AF}.Release|Any CPU.Build.0 = Release|Any CPU
		{9149BF93-8314-49DE-AE88-1EE6E565DFCC}.Debug|Any CPU.ActiveCfg = Debug|Any CPU
		{9149BF93-8314-49DE-AE88-1EE6E565DFCC}.Debug|Any CPU.Build.0 = Debug|Any CPU
		{9149BF93-8314-49DE-AE88-1EE6E565DFCC}.Release|Any CPU.ActiveCfg = Release|Any CPU
		{9149BF93-8314-49DE-AE88-1EE6E565DFCC}.Release|Any CPU.Build.0 = Release|Any CPU
		{6AEB354D-E2E4-4EC5-9ABB-8C25085B5605}.Debug|Any CPU.ActiveCfg = Debug|Any CPU
		{6AEB354D-E2E4-4EC5-9ABB-8C25085B5605}.Debug|Any CPU.Build.0 = Debug|Any CPU
		{6AEB354D-E2E4-4EC5-9ABB-8C25085B5605}.Release|Any CPU.ActiveCfg = Release|Any CPU
		{6AEB354D-E2E4-4EC5-9ABB-8C25085B5605}.Release|Any CPU.Build.0 = Release|Any CPU
		{6F7E8CFD-D971-4ACC-BA05-97A9D9BB2FD6}.Debug|Any CPU.ActiveCfg = Debug|Any CPU
		{6F7E8CFD-D971-4ACC-BA05-97A9D9BB2FD6}.Debug|Any CPU.Build.0 = Debug|Any CPU
		{6F7E8CFD-D971-4ACC-BA05-97A9D9BB2FD6}.Release|Any CPU.ActiveCfg = Release|Any CPU
		{6F7E8CFD-D971-4ACC-BA05-97A9D9BB2FD6}.Release|Any CPU.Build.0 = Release|Any CPU
		{774206A1-BE32-483A-B4E4-8EE5EB200D0F}.Debug|Any CPU.ActiveCfg = Debug|Any CPU
		{774206A1-BE32-483A-B4E4-8EE5EB200D0F}.Debug|Any CPU.Build.0 = Debug|Any CPU
		{774206A1-BE32-483A-B4E4-8EE5EB200D0F}.Release|Any CPU.ActiveCfg = Release|Any CPU
		{774206A1-BE32-483A-B4E4-8EE5EB200D0F}.Release|Any CPU.Build.0 = Release|Any CPU
		{4D262ECE-D72E-4637-B9CB-66CC061AFFE3}.Debug|Any CPU.ActiveCfg = Debug|Any CPU
		{4D262ECE-D72E-4637-B9CB-66CC061AFFE3}.Debug|Any CPU.Build.0 = Debug|Any CPU
		{4D262ECE-D72E-4637-B9CB-66CC061AFFE3}.Release|Any CPU.ActiveCfg = Release|Any CPU
		{4D262ECE-D72E-4637-B9CB-66CC061AFFE3}.Release|Any CPU.Build.0 = Release|Any CPU
		{0224471E-9A62-41B1-8518-F16B1566FE36}.Debug|Any CPU.ActiveCfg = Debug|Any CPU
		{0224471E-9A62-41B1-8518-F16B1566FE36}.Debug|Any CPU.Build.0 = Debug|Any CPU
		{0224471E-9A62-41B1-8518-F16B1566FE36}.Release|Any CPU.ActiveCfg = Release|Any CPU
		{0224471E-9A62-41B1-8518-F16B1566FE36}.Release|Any CPU.Build.0 = Release|Any CPU
		{32ABE2BD-47B3-420B-9F7D-9D64C9275D2F}.Debug|Any CPU.ActiveCfg = Debug|Any CPU
		{32ABE2BD-47B3-420B-9F7D-9D64C9275D2F}.Debug|Any CPU.Build.0 = Debug|Any CPU
		{32ABE2BD-47B3-420B-9F7D-9D64C9275D2F}.Release|Any CPU.ActiveCfg = Release|Any CPU
		{32ABE2BD-47B3-420B-9F7D-9D64C9275D2F}.Release|Any CPU.Build.0 = Release|Any CPU
		{423663A4-8041-4466-AA7C-0EFE339E0E68}.Debug|Any CPU.ActiveCfg = Debug|Any CPU
		{423663A4-8041-4466-AA7C-0EFE339E0E68}.Debug|Any CPU.Build.0 = Debug|Any CPU
		{423663A4-8041-4466-AA7C-0EFE339E0E68}.Release|Any CPU.ActiveCfg = Release|Any CPU
		{423663A4-8041-4466-AA7C-0EFE339E0E68}.Release|Any CPU.Build.0 = Release|Any CPU
		{398BEC46-685D-47FB-8A6B-BF96ABD42A05}.Debug|Any CPU.ActiveCfg = Debug|Any CPU
		{398BEC46-685D-47FB-8A6B-BF96ABD42A05}.Debug|Any CPU.Build.0 = Debug|Any CPU
		{398BEC46-685D-47FB-8A6B-BF96ABD42A05}.Release|Any CPU.ActiveCfg = Release|Any CPU
		{398BEC46-685D-47FB-8A6B-BF96ABD42A05}.Release|Any CPU.Build.0 = Release|Any CPU
		{2D56A4D1-0E58-4944-8B32-35A7794B3205}.Debug|Any CPU.ActiveCfg = Debug|Any CPU
		{2D56A4D1-0E58-4944-8B32-35A7794B3205}.Debug|Any CPU.Build.0 = Debug|Any CPU
		{2D56A4D1-0E58-4944-8B32-35A7794B3205}.Release|Any CPU.ActiveCfg = Release|Any CPU
		{2D56A4D1-0E58-4944-8B32-35A7794B3205}.Release|Any CPU.Build.0 = Release|Any CPU
	EndGlobalSection
	GlobalSection(SolutionProperties) = preSolution
		HideSolutionNode = FALSE
	EndGlobalSection
	GlobalSection(ExtensibilityGlobals) = postSolution
		SolutionGuid = {EF73E236-F049-4E2B-A55D-529F5A1B43A7}
	EndGlobalSection
EndGlobal
