
Microsoft Visual Studio Solution File, Format Version 12.00
# Visual Studio Version 17
VisualStudioVersion = 17.2.32630.192
MinimumVisualStudioVersion = 10.0.40219.1
Project("{9A19103F-16F7-4668-BE54-9A1E7A4F7556}") = "F10Y.L0029.Construction", "F10Y.L0029.Construction\F10Y.L0029.Construction.csproj", "{E798C40D-FE58-4508-9E24-B813241A9C27}"
EndProject
Project("{9A19103F-16F7-4668-BE54-9A1E7A4F7556}") = "F10Y.L0029", "F10Y.L0029\F10Y.L0029.csproj", "{19DF2EC8-76FD-4D8F-9FCB-BDDDF01C92CE}"
EndProject
Project("{2150E333-8FDC-42A3-9474-1A3956D46DE8}") = "_Dependencies", "_Dependencies", "{8F184B39-BEF0-4ADC-8F0F-E4CDEF6B6443}"
EndProject
Project("{9A19103F-16F7-4668-BE54-9A1E7A4F7556}") = "F10Y.T0000", "..\..\F10Y.T0000\source\F10Y.T0000\F10Y.T0000.csproj", "{15D80F39-5998-4B9F-8BDF-141D7D269D9E}"
EndProject
Project("{9A19103F-16F7-4668-BE54-9A1E7A4F7556}") = "F10Y.T0009", "..\..\F10Y.T0009\source\F10Y.T0009\F10Y.T0009.csproj", "{4A771099-716D-4197-A2A3-EC65B2E75016}"
EndProject
Project("{9A19103F-16F7-4668-BE54-9A1E7A4F7556}") = "F10Y.T0004", "..\..\F10Y.T0004\source\F10Y.T0004\F10Y.T0004.csproj", "{5304C625-D5F4-46C6-AA68-AD539DA3D494}"
EndProject
Project("{9A19103F-16F7-4668-BE54-9A1E7A4F7556}") = "F10Y.L0000", "..\..\F10Y.L0000\source\F10Y.L0000\F10Y.L0000.csproj", "{8C724634-3D70-4208-A06C-EB4762643351}"
EndProject
Project("{9A19103F-16F7-4668-BE54-9A1E7A4F7556}") = "F10Y.L0060", "..\..\F10Y.L0060\source\F10Y.L0060\F10Y.L0060.csproj", "{65C28D0F-F689-44A2-87D3-DEA6D631CFAE}"
EndProject
Project("{9A19103F-16F7-4668-BE54-9A1E7A4F7556}") = "F10Y.T0001", "..\..\F10Y.T0001\source\F10Y.T0001\F10Y.T0001.csproj", "{B35CFB45-66EA-4DF5-85BE-5AFD6F338C91}"
EndProject
Project("{9A19103F-16F7-4668-BE54-9A1E7A4F7556}") = "F10Y.T0002", "..\..\F10Y.T0002\source\F10Y.T0002\F10Y.T0002.csproj", "{8B890421-981E-43C0-8BCF-82F4B263835A}"
EndProject
Project("{9A19103F-16F7-4668-BE54-9A1E7A4F7556}") = "F10Y.T0003", "..\..\F10Y.T0003\source\F10Y.T0003\F10Y.T0003.csproj", "{0FD7126E-14FF-4A4D-9AFA-C65D114E7084}"
EndProject
Project("{9A19103F-16F7-4668-BE54-9A1E7A4F7556}") = "F10Y.T0011", "..\..\F10Y.T0011\source\F10Y.T0011\F10Y.T0011.csproj", "{F091A30D-0062-4026-AB97-C0533BAAC963}"
EndProject
Project("{9A19103F-16F7-4668-BE54-9A1E7A4F7556}") = "F10Y.Y0000", "..\..\F10Y.Y0000\source\F10Y.Y0000\F10Y.Y0000.csproj", "{7D6A92A9-81AE-4D58-B2A7-0C1CE72FB403}"
EndProject
Global
	GlobalSection(NestedProjects) = preSolution
		{15D80F39-5998-4B9F-8BDF-141D7D269D9E} = {8F184B39-BEF0-4ADC-8F0F-E4CDEF6B6443}
		{4A771099-716D-4197-A2A3-EC65B2E75016} = {8F184B39-BEF0-4ADC-8F0F-E4CDEF6B6443}
		{5304C625-D5F4-46C6-AA68-AD539DA3D494} = {8F184B39-BEF0-4ADC-8F0F-E4CDEF6B6443}
		{8C724634-3D70-4208-A06C-EB4762643351} = {8F184B39-BEF0-4ADC-8F0F-E4CDEF6B6443}
		{65C28D0F-F689-44A2-87D3-DEA6D631CFAE} = {8F184B39-BEF0-4ADC-8F0F-E4CDEF6B6443}
		{B35CFB45-66EA-4DF5-85BE-5AFD6F338C91} = {8F184B39-BEF0-4ADC-8F0F-E4CDEF6B6443}
		{8B890421-981E-43C0-8BCF-82F4B263835A} = {8F184B39-BEF0-4ADC-8F0F-E4CDEF6B6443}
		{0FD7126E-14FF-4A4D-9AFA-C65D114E7084} = {8F184B39-BEF0-4ADC-8F0F-E4CDEF6B6443}
		{F091A30D-0062-4026-AB97-C0533BAAC963} = {8F184B39-BEF0-4ADC-8F0F-E4CDEF6B6443}
		{7D6A92A9-81AE-4D58-B2A7-0C1CE72FB403} = {8F184B39-BEF0-4ADC-8F0F-E4CDEF6B6443}
	EndGlobalSection
	GlobalSection(SolutionConfigurationPlatforms) = preSolution
		Debug|Any CPU = Debug|Any CPU
		Release|Any CPU = Release|Any CPU
	EndGlobalSection
	GlobalSection(ProjectConfigurationPlatforms) = postSolution
		{E798C40D-FE58-4508-9E24-B813241A9C27}.Debug|Any CPU.ActiveCfg = Debug|Any CPU
		{E798C40D-FE58-4508-9E24-B813241A9C27}.Debug|Any CPU.Build.0 = Debug|Any CPU
		{E798C40D-FE58-4508-9E24-B813241A9C27}.Release|Any CPU.ActiveCfg = Release|Any CPU
		{E798C40D-FE58-4508-9E24-B813241A9C27}.Release|Any CPU.Build.0 = Release|Any CPU
		{19DF2EC8-76FD-4D8F-9FCB-BDDDF01C92CE}.Debug|Any CPU.ActiveCfg = Debug|Any CPU
		{19DF2EC8-76FD-4D8F-9FCB-BDDDF01C92CE}.Debug|Any CPU.Build.0 = Debug|Any CPU
		{19DF2EC8-76FD-4D8F-9FCB-BDDDF01C92CE}.Release|Any CPU.ActiveCfg = Release|Any CPU
		{19DF2EC8-76FD-4D8F-9FCB-BDDDF01C92CE}.Release|Any CPU.Build.0 = Release|Any CPU
		{15D80F39-5998-4B9F-8BDF-141D7D269D9E}.Debug|Any CPU.ActiveCfg = Debug|Any CPU
		{15D80F39-5998-4B9F-8BDF-141D7D269D9E}.Debug|Any CPU.Build.0 = Debug|Any CPU
		{15D80F39-5998-4B9F-8BDF-141D7D269D9E}.Release|Any CPU.ActiveCfg = Release|Any CPU
		{15D80F39-5998-4B9F-8BDF-141D7D269D9E}.Release|Any CPU.Build.0 = Release|Any CPU
		{4A771099-716D-4197-A2A3-EC65B2E75016}.Debug|Any CPU.ActiveCfg = Debug|Any CPU
		{4A771099-716D-4197-A2A3-EC65B2E75016}.Debug|Any CPU.Build.0 = Debug|Any CPU
		{4A771099-716D-4197-A2A3-EC65B2E75016}.Release|Any CPU.ActiveCfg = Release|Any CPU
		{4A771099-716D-4197-A2A3-EC65B2E75016}.Release|Any CPU.Build.0 = Release|Any CPU
		{5304C625-D5F4-46C6-AA68-AD539DA3D494}.Debug|Any CPU.ActiveCfg = Debug|Any CPU
		{5304C625-D5F4-46C6-AA68-AD539DA3D494}.Debug|Any CPU.Build.0 = Debug|Any CPU
		{5304C625-D5F4-46C6-AA68-AD539DA3D494}.Release|Any CPU.ActiveCfg = Release|Any CPU
		{5304C625-D5F4-46C6-AA68-AD539DA3D494}.Release|Any CPU.Build.0 = Release|Any CPU
		{8C724634-3D70-4208-A06C-EB4762643351}.Debug|Any CPU.ActiveCfg = Debug|Any CPU
		{8C724634-3D70-4208-A06C-EB4762643351}.Debug|Any CPU.Build.0 = Debug|Any CPU
		{8C724634-3D70-4208-A06C-EB4762643351}.Release|Any CPU.ActiveCfg = Release|Any CPU
		{8C724634-3D70-4208-A06C-EB4762643351}.Release|Any CPU.Build.0 = Release|Any CPU
		{65C28D0F-F689-44A2-87D3-DEA6D631CFAE}.Debug|Any CPU.ActiveCfg = Debug|Any CPU
		{65C28D0F-F689-44A2-87D3-DEA6D631CFAE}.Debug|Any CPU.Build.0 = Debug|Any CPU
		{65C28D0F-F689-44A2-87D3-DEA6D631CFAE}.Release|Any CPU.ActiveCfg = Release|Any CPU
		{65C28D0F-F689-44A2-87D3-DEA6D631CFAE}.Release|Any CPU.Build.0 = Release|Any CPU
		{B35CFB45-66EA-4DF5-85BE-5AFD6F338C91}.Debug|Any CPU.ActiveCfg = Debug|Any CPU
		{B35CFB45-66EA-4DF5-85BE-5AFD6F338C91}.Debug|Any CPU.Build.0 = Debug|Any CPU
		{B35CFB45-66EA-4DF5-85BE-5AFD6F338C91}.Release|Any CPU.ActiveCfg = Release|Any CPU
		{B35CFB45-66EA-4DF5-85BE-5AFD6F338C91}.Release|Any CPU.Build.0 = Release|Any CPU
		{8B890421-981E-43C0-8BCF-82F4B263835A}.Debug|Any CPU.ActiveCfg = Debug|Any CPU
		{8B890421-981E-43C0-8BCF-82F4B263835A}.Debug|Any CPU.Build.0 = Debug|Any CPU
		{8B890421-981E-43C0-8BCF-82F4B263835A}.Release|Any CPU.ActiveCfg = Release|Any CPU
		{8B890421-981E-43C0-8BCF-82F4B263835A}.Release|Any CPU.Build.0 = Release|Any CPU
		{0FD7126E-14FF-4A4D-9AFA-C65D114E7084}.Debug|Any CPU.ActiveCfg = Debug|Any CPU
		{0FD7126E-14FF-4A4D-9AFA-C65D114E7084}.Debug|Any CPU.Build.0 = Debug|Any CPU
		{0FD7126E-14FF-4A4D-9AFA-C65D114E7084}.Release|Any CPU.ActiveCfg = Release|Any CPU
		{0FD7126E-14FF-4A4D-9AFA-C65D114E7084}.Release|Any CPU.Build.0 = Release|Any CPU
		{F091A30D-0062-4026-AB97-C0533BAAC963}.Debug|Any CPU.ActiveCfg = Debug|Any CPU
		{F091A30D-0062-4026-AB97-C0533BAAC963}.Debug|Any CPU.Build.0 = Debug|Any CPU
		{F091A30D-0062-4026-AB97-C0533BAAC963}.Release|Any CPU.ActiveCfg = Release|Any CPU
		{F091A30D-0062-4026-AB97-C0533BAAC963}.Release|Any CPU.Build.0 = Release|Any CPU
		{7D6A92A9-81AE-4D58-B2A7-0C1CE72FB403}.Debug|Any CPU.ActiveCfg = Debug|Any CPU
		{7D6A92A9-81AE-4D58-B2A7-0C1CE72FB403}.Debug|Any CPU.Build.0 = Debug|Any CPU
		{7D6A92A9-81AE-4D58-B2A7-0C1CE72FB403}.Release|Any CPU.ActiveCfg = Release|Any CPU
		{7D6A92A9-81AE-4D58-B2A7-0C1CE72FB403}.Release|Any CPU.Build.0 = Release|Any CPU
	EndGlobalSection
	GlobalSection(SolutionProperties) = preSolution
		HideSolutionNode = FALSE
	EndGlobalSection
	GlobalSection(ExtensibilityGlobals) = postSolution
		SolutionGuid = {5EA78641-E814-4791-84AB-596F87A5128B}
	EndGlobalSection
EndGlobal
